
Microsoft Visual Studio Solution File, Format Version 12.00
# Visual Studio Version 16
VisualStudioVersion = 16.0.29926.136
MinimumVisualStudioVersion = 10.0.40219.1
Project("{FAE04EC0-301F-11D3-BF4B-00C04F79EFBC}") = "Smart_Scale", "Smart_Scale\Smart_Scale.csproj", "{4BFFC0B7-7B92-4F30-8E69-EC80917A44C3}"
EndProject
Project("{FAE04EC0-301F-11D3-BF4B-00C04F79EFBC}") = "Smart_Scale.Tests", "Smart_Scale.Tests\Smart_Scale.Tests.csproj", "{9F3AA30E-3265-42A9-A813-F8F162027F64}"
EndProject
Global
	GlobalSection(SolutionConfigurationPlatforms) = preSolution
		Debug|Any CPU = Debug|Any CPU
		Release|Any CPU = Release|Any CPU
	EndGlobalSection
	GlobalSection(ProjectConfigurationPlatforms) = postSolution
		{4BFFC0B7-7B92-4F30-8E69-EC80917A44C3}.Debug|Any CPU.ActiveCfg = Debug|Any CPU
		{4BFFC0B7-7B92-4F30-8E69-EC80917A44C3}.Debug|Any CPU.Build.0 = Debug|Any CPU
		{4BFFC0B7-7B92-4F30-8E69-EC80917A44C3}.Release|Any CPU.ActiveCfg = Release|Any CPU
		{4BFFC0B7-7B92-4F30-8E69-EC80917A44C3}.Release|Any CPU.Build.0 = Release|Any CPU
		{9F3AA30E-3265-42A9-A813-F8F162027F64}.Debug|Any CPU.ActiveCfg = Debug|Any CPU
		{9F3AA30E-3265-42A9-A813-F8F162027F64}.Debug|Any CPU.Build.0 = Debug|Any CPU
		{9F3AA30E-3265-42A9-A813-F8F162027F64}.Release|Any CPU.ActiveCfg = Release|Any CPU
		{9F3AA30E-3265-42A9-A813-F8F162027F64}.Release|Any CPU.Build.0 = Release|Any CPU
	EndGlobalSection
	GlobalSection(SolutionProperties) = preSolution
		HideSolutionNode = FALSE
	EndGlobalSection
	GlobalSection(ExtensibilityGlobals) = postSolution
		SolutionGuid = {6C79088E-6FE0-4399-8D96-AD891A933046}
	EndGlobalSection
EndGlobal
